
Microsoft Visual Studio Solution File, Format Version 12.00
# Visual Studio Version 17
VisualStudioVersion = 17.4.33213.308
MinimumVisualStudioVersion = 10.0.40219.1
Project("{9A19103F-16F7-4668-BE54-9A1E7A4F7556}") = "Hostbeat.App", "Hostbeat.App\Hostbeat.App.csproj", "{D377E917-67F3-4707-A6D7-6781816B3A06}"
EndProject
Project("{9A19103F-16F7-4668-BE54-9A1E7A4F7556}") = "Hostbeat.Core", "Hostbeat.Core\Hostbeat.Core.csproj", "{378493BE-13AB-43AF-8567-106DCB21B88C}"
EndProject
Global
	GlobalSection(SolutionConfigurationPlatforms) = preSolution
		Debug|Any CPU = Debug|Any CPU
		Debug|ARM64 = Debug|ARM64
		Debug|x64 = Debug|x64
		Debug|x86 = Debug|x86
		Release|Any CPU = Release|Any CPU
		Release|ARM64 = Release|ARM64
		Release|x64 = Release|x64
		Release|x86 = Release|x86
	EndGlobalSection
	GlobalSection(ProjectConfigurationPlatforms) = postSolution
		{D377E917-67F3-4707-A6D7-6781816B3A06}.Debug|Any CPU.ActiveCfg = Debug|x64
		{D377E917-67F3-4707-A6D7-6781816B3A06}.Debug|Any CPU.Build.0 = Debug|x64
		{D377E917-67F3-4707-A6D7-6781816B3A06}.Debug|Any CPU.Deploy.0 = Debug|x64
		{D377E917-67F3-4707-A6D7-6781816B3A06}.Debug|ARM64.ActiveCfg = Debug|ARM64
		{D377E917-67F3-4707-A6D7-6781816B3A06}.Debug|ARM64.Build.0 = Debug|ARM64
		{D377E917-67F3-4707-A6D7-6781816B3A06}.Debug|ARM64.Deploy.0 = Debug|ARM64
		{D377E917-67F3-4707-A6D7-6781816B3A06}.Debug|x64.ActiveCfg = Debug|x64
		{D377E917-67F3-4707-A6D7-6781816B3A06}.Debug|x64.Build.0 = Debug|x64
		{D377E917-67F3-4707-A6D7-6781816B3A06}.Debug|x64.Deploy.0 = Debug|x64
		{D377E917-67F3-4707-A6D7-6781816B3A06}.Debug|x86.ActiveCfg = Debug|x86
		{D377E917-67F3-4707-A6D7-6781816B3A06}.Debug|x86.Build.0 = Debug|x86
		{D377E917-67F3-4707-A6D7-6781816B3A06}.Debug|x86.Deploy.0 = Debug|x86
		{D377E917-67F3-4707-A6D7-6781816B3A06}.Release|Any CPU.ActiveCfg = Release|x64
		{D377E917-67F3-4707-A6D7-6781816B3A06}.Release|Any CPU.Build.0 = Release|x64
		{D377E917-67F3-4707-A6D7-6781816B3A06}.Release|Any CPU.Deploy.0 = Release|x64
		{D377E917-67F3-4707-A6D7-6781816B3A06}.Release|ARM64.ActiveCfg = Release|ARM64
		{D377E917-67F3-4707-A6D7-6781816B3A06}.Release|ARM64.Build.0 = Release|ARM64
		{D377E917-67F3-4707-A6D7-6781816B3A06}.Release|ARM64.Deploy.0 = Release|ARM64
		{D377E917-67F3-4707-A6D7-6781816B3A06}.Release|x64.ActiveCfg = Release|x64
		{D377E917-67F3-4707-A6D7-6781816B3A06}.Release|x64.Build.0 = Release|x64
		{D377E917-67F3-4707-A6D7-6781816B3A06}.Release|x64.Deploy.0 = Release|x64
		{D377E917-67F3-4707-A6D7-6781816B3A06}.Release|x86.ActiveCfg = Release|x86
		{D377E917-67F3-4707-A6D7-6781816B3A06}.Release|x86.Build.0 = Release|x86
		{D377E917-67F3-4707-A6D7-6781816B3A06}.Release|x86.Deploy.0 = Release|x86
		{378493BE-13AB-43AF-8567-106DCB21B88C}.Debug|Any CPU.ActiveCfg = Debug|Any CPU
		{378493BE-13AB-43AF-8567-106DCB21B88C}.Debug|Any CPU.Build.0 = Debug|Any CPU
		{378493BE-13AB-43AF-8567-106DCB21B88C}.Debug|ARM64.ActiveCfg = Debug|Any CPU
		{378493BE-13AB-43AF-8567-106DCB21B88C}.Debug|ARM64.Build.0 = Debug|Any CPU
		{378493BE-13AB-43AF-8567-106DCB21B88C}.Debug|x64.ActiveCfg = Debug|Any CPU
		{378493BE-13AB-43AF-8567-106DCB21B88C}.Debug|x64.Build.0 = Debug|Any CPU
		{378493BE-13AB-43AF-8567-106DCB21B88C}.Debug|x86.ActiveCfg = Debug|Any CPU
		{378493BE-13AB-43AF-8567-106DCB21B88C}.Debug|x86.Build.0 = Debug|Any CPU
		{378493BE-13AB-43AF-8567-106DCB21B88C}.Release|Any CPU.ActiveCfg = Release|Any CPU
		{378493BE-13AB-43AF-8567-106DCB21B88C}.Release|Any CPU.Build.0 = Release|Any CPU
		{378493BE-13AB-43AF-8567-106DCB21B88C}.Release|ARM64.ActiveCfg = Release|Any CPU
		{378493BE-13AB-43AF-8567-106DCB21B88C}.Release|ARM64.Build.0 = Release|Any CPU
		{378493BE-13AB-43AF-8567-106DCB21B88C}.Release|x64.ActiveCfg = Release|Any CPU
		{378493BE-13AB-43AF-8567-106DCB21B88C}.Release|x64.Build.0 = Release|Any CPU
		{378493BE-13AB-43AF-8567-106DCB21B88C}.Release|x86.ActiveCfg = Release|Any CPU
		{378493BE-13AB-43AF-8567-106DCB21B88C}.Release|x86.Build.0 = Release|Any CPU
	EndGlobalSection
	GlobalSection(SolutionProperties) = preSolution
		HideSolutionNode = FALSE
	EndGlobalSection
	GlobalSection(ExtensibilityGlobals) = postSolution
		SolutionGuid = {C6365254-4B95-44A1-817B-F96F7F8C25B4}
	EndGlobalSection
EndGlobal
